
Microsoft Visual Studio Solution File, Format Version 12.00
# Visual Studio Version 17
VisualStudioVersion = 17.5.002.0
MinimumVisualStudioVersion = 10.0.40219.1
Project("{9A19103F-16F7-4668-BE54-9A1E7A4F7556}") = "gb_exam", "gb_exam.csproj", "{63446F69-066C-49BB-A6F0-604B74F994F3}"
EndProject
Global
	GlobalSection(SolutionConfigurationPlatforms) = preSolution
		Debug|Any CPU = Debug|Any CPU
		Release|Any CPU = Release|Any CPU
	EndGlobalSection
	GlobalSection(ProjectConfigurationPlatforms) = postSolution
		{63446F69-066C-49BB-A6F0-604B74F994F3}.Debug|Any CPU.ActiveCfg = Debug|Any CPU
		{63446F69-066C-49BB-A6F0-604B74F994F3}.Debug|Any CPU.Build.0 = Debug|Any CPU
		{63446F69-066C-49BB-A6F0-604B74F994F3}.Release|Any CPU.ActiveCfg = Release|Any CPU
		{63446F69-066C-49BB-A6F0-604B74F994F3}.Release|Any CPU.Build.0 = Release|Any CPU
	EndGlobalSection
	GlobalSection(SolutionProperties) = preSolution
		HideSolutionNode = FALSE
	EndGlobalSection
	GlobalSection(ExtensibilityGlobals) = postSolution
		SolutionGuid = {CD35F4BD-B711-4F93-B0CB-428D0867F73D}
	EndGlobalSection
EndGlobal
